# THIS IS AN AUTOGENERATED FILE. DO NOT EDIT THIS FILE DIRECTLY.
# yarn lockfile v1


"@algolia/autocomplete-core@1.7.1":
  "integrity" "sha512-eiZw+fxMzNQn01S8dA/hcCpoWCOCwcIIEUtHHdzN5TGB3IpzLbuhqFeTfh2OUhhgkE8Uo17+wH+QJ/wYyQmmzg=="
  "resolved" "https://registry.npmmirror.com/@algolia/autocomplete-core/-/autocomplete-core-1.7.1.tgz"
  "version" "1.7.1"
  dependencies:
    "@algolia/autocomplete-shared" "1.7.1"

"@algolia/autocomplete-preset-algolia@1.7.1":
  "integrity" "sha512-pJwmIxeJCymU1M6cGujnaIYcY3QPOVYZOXhFkWVM7IxKzy272BwCvMFMyc5NpG/QmiObBxjo7myd060OeTNJXg=="
  "resolved" "https://registry.npmmirror.com/@algolia/autocomplete-preset-algolia/-/autocomplete-preset-algolia-1.7.1.tgz"
  "version" "1.7.1"
  dependencies:
    "@algolia/autocomplete-shared" "1.7.1"

"@algolia/autocomplete-shared@1.7.1":
  "integrity" "sha512-eTmGVqY3GeyBTT8IWiB2K5EuURAqhnumfktAEoHxfDY2o7vg2rSnO16ZtIG0fMgt3py28Vwgq42/bVEuaQV7pg=="
  "resolved" "https://registry.npmmirror.com/@algolia/autocomplete-shared/-/autocomplete-shared-1.7.1.tgz"
  "version" "1.7.1"

"@algolia/cache-browser-local-storage@4.14.2":
  "integrity" "sha512-FRweBkK/ywO+GKYfAWbrepewQsPTIEirhi1BdykX9mxvBPtGNKccYAxvGdDCumU1jL4r3cayio4psfzKMejBlA=="
  "resolved" "https://registry.npmmirror.com/@algolia/cache-browser-local-storage/-/cache-browser-local-storage-4.14.2.tgz"
  "version" "4.14.2"
  dependencies:
    "@algolia/cache-common" "4.14.2"

"@algolia/cache-common@4.14.2":
  "integrity" "sha512-SbvAlG9VqNanCErr44q6lEKD2qoK4XtFNx9Qn8FK26ePCI8I9yU7pYB+eM/cZdS9SzQCRJBbHUumVr4bsQ4uxg=="
  "resolved" "https://registry.npmmirror.com/@algolia/cache-common/-/cache-common-4.14.2.tgz"
  "version" "4.14.2"

"@algolia/cache-in-memory@4.14.2":
  "integrity" "sha512-HrOukWoop9XB/VFojPv1R5SVXowgI56T9pmezd/djh2JnVN/vXswhXV51RKy4nCpqxyHt/aGFSq2qkDvj6KiuQ=="
  "resolved" "https://registry.npmmirror.com/@algolia/cache-in-memory/-/cache-in-memory-4.14.2.tgz"
  "version" "4.14.2"
  dependencies:
    "@algolia/cache-common" "4.14.2"

"@algolia/client-account@4.14.2":
  "integrity" "sha512-WHtriQqGyibbb/Rx71YY43T0cXqyelEU0lB2QMBRXvD2X0iyeGl4qMxocgEIcbHyK7uqE7hKgjT8aBrHqhgc1w=="
  "resolved" "https://registry.npmmirror.com/@algolia/client-account/-/client-account-4.14.2.tgz"
  "version" "4.14.2"
  dependencies:
    "@algolia/client-common" "4.14.2"
    "@algolia/client-search" "4.14.2"
    "@algolia/transporter" "4.14.2"

"@algolia/client-analytics@4.14.2":
  "integrity" "sha512-yBvBv2mw+HX5a+aeR0dkvUbFZsiC4FKSnfqk9rrfX+QrlNOKEhCG0tJzjiOggRW4EcNqRmaTULIYvIzQVL2KYQ=="
  "resolved" "https://registry.npmmirror.com/@algolia/client-analytics/-/client-analytics-4.14.2.tgz"
  "version" "4.14.2"
  dependencies:
    "@algolia/client-common" "4.14.2"
    "@algolia/client-search" "4.14.2"
    "@algolia/requester-common" "4.14.2"
    "@algolia/transporter" "4.14.2"

"@algolia/client-common@4.14.2":
  "integrity" "sha512-43o4fslNLcktgtDMVaT5XwlzsDPzlqvqesRi4MjQz2x4/Sxm7zYg5LRYFol1BIhG6EwxKvSUq8HcC/KxJu3J0Q=="
  "resolved" "https://registry.npmmirror.com/@algolia/client-common/-/client-common-4.14.2.tgz"
  "version" "4.14.2"
  dependencies:
    "@algolia/requester-common" "4.14.2"
    "@algolia/transporter" "4.14.2"

"@algolia/client-personalization@4.14.2":
  "integrity" "sha512-ACCoLi0cL8CBZ1W/2juehSltrw2iqsQBnfiu/Rbl9W2yE6o2ZUb97+sqN/jBqYNQBS+o0ekTMKNkQjHHAcEXNw=="
  "resolved" "https://registry.npmmirror.com/@algolia/client-personalization/-/client-personalization-4.14.2.tgz"
  "version" "4.14.2"
  dependencies:
    "@algolia/client-common" "4.14.2"
    "@algolia/requester-common" "4.14.2"
    "@algolia/transporter" "4.14.2"

"@algolia/client-search@^4.9.1", "@algolia/client-search@4.14.2":
  "integrity" "sha512-L5zScdOmcZ6NGiVbLKTvP02UbxZ0njd5Vq9nJAmPFtjffUSOGEp11BmD2oMJ5QvARgx2XbX4KzTTNS5ECYIMWw=="
  "resolved" "https://registry.npmmirror.com/@algolia/client-search/-/client-search-4.14.2.tgz"
  "version" "4.14.2"
  dependencies:
    "@algolia/client-common" "4.14.2"
    "@algolia/requester-common" "4.14.2"
    "@algolia/transporter" "4.14.2"

"@algolia/logger-common@4.14.2":
  "integrity" "sha512-/JGlYvdV++IcMHBnVFsqEisTiOeEr6cUJtpjz8zc0A9c31JrtLm318Njc72p14Pnkw3A/5lHHh+QxpJ6WFTmsA=="
  "resolved" "https://registry.npmmirror.com/@algolia/logger-common/-/logger-common-4.14.2.tgz"
  "version" "4.14.2"

"@algolia/logger-console@4.14.2":
  "integrity" "sha512-8S2PlpdshbkwlLCSAB5f8c91xyc84VM9Ar9EdfE9UmX+NrKNYnWR1maXXVDQQoto07G1Ol/tYFnFVhUZq0xV/g=="
  "resolved" "https://registry.npmmirror.com/@algolia/logger-console/-/logger-console-4.14.2.tgz"
  "version" "4.14.2"
  dependencies:
    "@algolia/logger-common" "4.14.2"

"@algolia/requester-browser-xhr@4.14.2":
  "integrity" "sha512-CEh//xYz/WfxHFh7pcMjQNWgpl4wFB85lUMRyVwaDPibNzQRVcV33YS+63fShFWc2+42YEipFGH2iPzlpszmDw=="
  "resolved" "https://registry.npmmirror.com/@algolia/requester-browser-xhr/-/requester-browser-xhr-4.14.2.tgz"
  "version" "4.14.2"
  dependencies:
    "@algolia/requester-common" "4.14.2"

"@algolia/requester-common@4.14.2":
  "integrity" "sha512-73YQsBOKa5fvVV3My7iZHu1sUqmjjfs9TteFWwPwDmnad7T0VTCopttcsM3OjLxZFtBnX61Xxl2T2gmG2O4ehg=="
  "resolved" "https://registry.npmmirror.com/@algolia/requester-common/-/requester-common-4.14.2.tgz"
  "version" "4.14.2"

"@algolia/requester-node-http@4.14.2":
  "integrity" "sha512-oDbb02kd1o5GTEld4pETlPZLY0e+gOSWjWMJHWTgDXbv9rm/o2cF7japO6Vj1ENnrqWvLBmW1OzV9g6FUFhFXg=="
  "resolved" "https://registry.npmmirror.com/@algolia/requester-node-http/-/requester-node-http-4.14.2.tgz"
  "version" "4.14.2"
  dependencies:
    "@algolia/requester-common" "4.14.2"

"@algolia/transporter@4.14.2":
  "integrity" "sha512-t89dfQb2T9MFQHidjHcfhh6iGMNwvuKUvojAj+JsrHAGbuSy7yE4BylhLX6R0Q1xYRoC4Vvv+O5qIw/LdnQfsQ=="
  "resolved" "https://registry.npmmirror.com/@algolia/transporter/-/transporter-4.14.2.tgz"
  "version" "4.14.2"
  dependencies:
    "@algolia/cache-common" "4.14.2"
    "@algolia/logger-common" "4.14.2"
    "@algolia/requester-common" "4.14.2"

"@babel/parser@^7.16.4":
  "integrity" "sha512-dgXcIfMuQ0kgzLB2b9tRZs7TTFFaGM2AbtA4fJgUUYukzGH4jwsS7hzQHEGs67jdehpm22vkgKwvbU+aEflgwg=="
  "resolved" "https://registry.npmmirror.com/@babel/parser/-/parser-7.18.13.tgz"
  "version" "7.18.13"

"@docsearch/css@^3.2.1", "@docsearch/css@3.2.1":
  "integrity" "sha512-gaP6TxxwQC+K8D6TRx5WULUWKrcbzECOPA2KCVMuI+6C7dNiGUk5yXXzVhc5sld79XKYLnO9DRTI4mjXDYkh+g=="
  "resolved" "https://registry.npmmirror.com/@docsearch/css/-/css-3.2.1.tgz"
  "version" "3.2.1"

"@docsearch/js@^3.2.1":
  "integrity" "sha512-H1PekEtSeS0msetR2YGGey2w7jQ2wAKfGODJvQTygSwMgUZ+2DHpzUgeDyEBIXRIfaBcoQneqrzsljM62pm6Xg=="
  "resolved" "https://registry.npmmirror.com/@docsearch/js/-/js-3.2.1.tgz"
  "version" "3.2.1"
  dependencies:
    "@docsearch/react" "3.2.1"
    "preact" "^10.0.0"

"@docsearch/react@3.2.1":
  "integrity" "sha512-EzTQ/y82s14IQC5XVestiK/kFFMe2aagoYFuTAIfIb/e+4FU7kSMKonRtLwsCiLQHmjvNQq+HO+33giJ5YVtaQ=="
  "resolved" "https://registry.npmmirror.com/@docsearch/react/-/react-3.2.1.tgz"
  "version" "3.2.1"
  dependencies:
    "@algolia/autocomplete-core" "1.7.1"
    "@algolia/autocomplete-preset-algolia" "1.7.1"
    "@docsearch/css" "3.2.1"
    "algoliasearch" "^4.0.0"

"@types/node@^18.7.13":
  "integrity" "sha512-46yIhxSe5xEaJZXWdIBP7GU4HDTG8/eo0qd9atdiL+lFpA03y8KS+lkTN834TWJj5767GbWv4n/P6efyTFt1Dw=="
  "resolved" "https://registry.npmjs.org/@types/node/-/node-18.7.13.tgz"
  "version" "18.7.13"

"@types/web-bluetooth@^0.0.15":
  "integrity" "sha512-w7hEHXnPMEZ+4nGKl/KDRVpxkwYxYExuHOYXyzIzCDzEZ9ZCGMAewulr9IqJu2LR4N37fcnb1XVeuZ09qgOxhA=="
  "resolved" "https://registry.npmmirror.com/@types/web-bluetooth/-/web-bluetooth-0.0.15.tgz"
  "version" "0.0.15"

"@vitejs/plugin-vue@^3.0.3":
  "integrity" "sha512-U4zNBlz9mg+TA+i+5QPc3N5lQvdUXENZLO2h0Wdzp56gI1MWhqJOv+6R+d4kOzoaSSq6TnGPBdZAXKOe4lXy6g=="
  "resolved" "https://registry.npmmirror.com/@vitejs/plugin-vue/-/plugin-vue-3.0.3.tgz"
  "version" "3.0.3"

"@vue/compiler-core@3.2.37":
  "integrity" "sha512-81KhEjo7YAOh0vQJoSmAD68wLfYqJvoiD4ulyedzF+OEk/bk6/hx3fTNVfuzugIIaTrOx4PGx6pAiBRe5e9Zmg=="
  "resolved" "https://registry.npmmirror.com/@vue/compiler-core/-/compiler-core-3.2.37.tgz"
  "version" "3.2.37"
  dependencies:
    "@babel/parser" "^7.16.4"
    "@vue/shared" "3.2.37"
    "estree-walker" "^2.0.2"
    "source-map" "^0.6.1"

"@vue/compiler-dom@3.2.37":
  "integrity" "sha512-yxJLH167fucHKxaqXpYk7x8z7mMEnXOw3G2q62FTkmsvNxu4FQSu5+3UMb+L7fjKa26DEzhrmCxAgFLLIzVfqQ=="
  "resolved" "https://registry.npmmirror.com/@vue/compiler-dom/-/compiler-dom-3.2.37.tgz"
  "version" "3.2.37"
  dependencies:
    "@vue/compiler-core" "3.2.37"
    "@vue/shared" "3.2.37"

"@vue/compiler-sfc@3.2.37":
  "integrity" "sha512-+7i/2+9LYlpqDv+KTtWhOZH+pa8/HnX/905MdVmAcI/mPQOBwkHHIzrsEsucyOIZQYMkXUiTkmZq5am/NyXKkg=="
  "resolved" "https://registry.npmmirror.com/@vue/compiler-sfc/-/compiler-sfc-3.2.37.tgz"
  "version" "3.2.37"
  dependencies:
    "@babel/parser" "^7.16.4"
    "@vue/compiler-core" "3.2.37"
    "@vue/compiler-dom" "3.2.37"
    "@vue/compiler-ssr" "3.2.37"
    "@vue/reactivity-transform" "3.2.37"
    "@vue/shared" "3.2.37"
    "estree-walker" "^2.0.2"
    "magic-string" "^0.25.7"
    "postcss" "^8.1.10"
    "source-map" "^0.6.1"

"@vue/compiler-ssr@3.2.37":
  "integrity" "sha512-7mQJD7HdXxQjktmsWp/J67lThEIcxLemz1Vb5I6rYJHR5vI+lON3nPGOH3ubmbvYGt8xEUaAr1j7/tIFWiEOqw=="
  "resolved" "https://registry.npmmirror.com/@vue/compiler-ssr/-/compiler-ssr-3.2.37.tgz"
  "version" "3.2.37"
  dependencies:
    "@vue/compiler-dom" "3.2.37"
    "@vue/shared" "3.2.37"

"@vue/devtools-api@^6.2.1":
  "integrity" "sha512-OEgAMeQXvCoJ+1x8WyQuVZzFo0wcyCmUR3baRVLmKBo1LmYZWMlRiXlux5jd0fqVJu6PfDbOrZItVqUEzLobeQ=="
  "resolved" "https://registry.npmmirror.com/@vue/devtools-api/-/devtools-api-6.2.1.tgz"
  "version" "6.2.1"

"@vue/reactivity-transform@3.2.37":
  "integrity" "sha512-IWopkKEb+8qpu/1eMKVeXrK0NLw9HicGviJzhJDEyfxTR9e1WtpnnbYkJWurX6WwoFP0sz10xQg8yL8lgskAZg=="
  "resolved" "https://registry.npmmirror.com/@vue/reactivity-transform/-/reactivity-transform-3.2.37.tgz"
  "version" "3.2.37"
  dependencies:
    "@babel/parser" "^7.16.4"
    "@vue/compiler-core" "3.2.37"
    "@vue/shared" "3.2.37"
    "estree-walker" "^2.0.2"
    "magic-string" "^0.25.7"

"@vue/reactivity@3.2.37":
  "integrity" "sha512-/7WRafBOshOc6m3F7plwzPeCu/RCVv9uMpOwa/5PiY1Zz+WLVRWiy0MYKwmg19KBdGtFWsmZ4cD+LOdVPcs52A=="
  "resolved" "https://registry.npmmirror.com/@vue/reactivity/-/reactivity-3.2.37.tgz"
  "version" "3.2.37"
  dependencies:
    "@vue/shared" "3.2.37"

"@vue/runtime-core@3.2.37":
  "integrity" "sha512-JPcd9kFyEdXLl/i0ClS7lwgcs0QpUAWj+SKX2ZC3ANKi1U4DOtiEr6cRqFXsPwY5u1L9fAjkinIdB8Rz3FoYNQ=="
  "resolved" "https://registry.npmmirror.com/@vue/runtime-core/-/runtime-core-3.2.37.tgz"
  "version" "3.2.37"
  dependencies:
    "@vue/reactivity" "3.2.37"
    "@vue/shared" "3.2.37"

"@vue/runtime-dom@3.2.37":
  "integrity" "sha512-HimKdh9BepShW6YozwRKAYjYQWg9mQn63RGEiSswMbW+ssIht1MILYlVGkAGGQbkhSh31PCdoUcfiu4apXJoPw=="
  "resolved" "https://registry.npmmirror.com/@vue/runtime-dom/-/runtime-dom-3.2.37.tgz"
  "version" "3.2.37"
  dependencies:
    "@vue/runtime-core" "3.2.37"
    "@vue/shared" "3.2.37"
    "csstype" "^2.6.8"

"@vue/server-renderer@3.2.37":
  "integrity" "sha512-kLITEJvaYgZQ2h47hIzPh2K3jG8c1zCVbp/o/bzQOyvzaKiCquKS7AaioPI28GNxIsE/zSx+EwWYsNxDCX95MA=="
  "resolved" "https://registry.npmmirror.com/@vue/server-renderer/-/server-renderer-3.2.37.tgz"
  "version" "3.2.37"
  dependencies:
    "@vue/compiler-ssr" "3.2.37"
    "@vue/shared" "3.2.37"

"@vue/shared@3.2.37":
  "integrity" "sha512-4rSJemR2NQIo9Klm1vabqWjD8rs/ZaJSzMxkMNeJS6lHiUjjUeYFbooN19NgFjztubEKh3WlZUeOLVdbbUWHsw=="
  "resolved" "https://registry.npmmirror.com/@vue/shared/-/shared-3.2.37.tgz"
  "version" "3.2.37"

"@vueuse/core@^9.1.0":
  "integrity" "sha512-QfuaNWRDMQcCUwXylCyYhPC3ScS9Tiiz4J0chdwr3vOemBwRToSywq8MP+ZegKYFnbETzRY8G/5zC+ca30wrRQ=="
  "resolved" "https://registry.npmmirror.com/@vueuse/core/-/core-9.1.1.tgz"
  "version" "9.1.1"
  dependencies:
    "@types/web-bluetooth" "^0.0.15"
    "@vueuse/metadata" "9.1.1"
    "@vueuse/shared" "9.1.1"
    "vue-demi" "*"

"@vueuse/metadata@9.1.1":
  "integrity" "sha512-XZ2KtSW+85LLHB/IdGILPAtbIVHasPsAW7aqz3BRMzJdAQWRiM/FGa1OKBwLbXtUw/AmjKYFlZJo7eOFIBXRog=="
  "resolved" "https://registry.npmmirror.com/@vueuse/metadata/-/metadata-9.1.1.tgz"
  "version" "9.1.1"

"@vueuse/shared@9.1.1":
  "integrity" "sha512-c+IfcOYmHiHqoEa3ED1Tbpue5GHmoUmTp8PtO4YbczthtY155Rt6DmWhjxMLXBF1Bcidagxljmp/7xtAzEHXLw=="
  "resolved" "https://registry.npmmirror.com/@vueuse/shared/-/shared-9.1.1.tgz"
  "version" "9.1.1"
  dependencies:
    "vue-demi" "*"

"algoliasearch@^4.0.0", "algoliasearch@^4.9.1":
  "integrity" "sha512-ngbEQonGEmf8dyEh5f+uOIihv4176dgbuOZspiuhmTTBRBuzWu3KCGHre6uHj5YyuC7pNvQGzB6ZNJyZi0z+Sg=="
  "resolved" "https://registry.npmmirror.com/algoliasearch/-/algoliasearch-4.14.2.tgz"
  "version" "4.14.2"
  dependencies:
    "@algolia/cache-browser-local-storage" "4.14.2"
    "@algolia/cache-common" "4.14.2"
    "@algolia/cache-in-memory" "4.14.2"
    "@algolia/client-account" "4.14.2"
    "@algolia/client-analytics" "4.14.2"
    "@algolia/client-common" "4.14.2"
    "@algolia/client-personalization" "4.14.2"
    "@algolia/client-search" "4.14.2"
    "@algolia/logger-common" "4.14.2"
    "@algolia/logger-console" "4.14.2"
    "@algolia/requester-browser-xhr" "4.14.2"
    "@algolia/requester-common" "4.14.2"
    "@algolia/requester-node-http" "4.14.2"
    "@algolia/transporter" "4.14.2"

"asap@~2.0.3":
  "integrity" "sha512-BSHWgDSAiKs50o2Re8ppvp3seVHXSRM44cdSsT9FfNEUUZLOGWVCsiWaRPWM1Znn+mqZ1OfVZ3z3DWEzSp7hRA=="
  "resolved" "https://registry.npmjs.org/asap/-/asap-2.0.6.tgz"
  "version" "2.0.6"

"autosize@3.0.21":
  "integrity" "sha512-xGFj5jTV4up6+fxRwtnAWiCIx/5N0tEnFn5rdhAkK1Lq2mliLMuGJgP5Bf4phck3sHGYrVKpYwugfJ61MSz9nA=="
  "resolved" "https://registry.npmmirror.com/autosize/-/autosize-3.0.21.tgz"
  "version" "3.0.21"

"axios@0.19.2":
  "integrity" "sha512-fjgm5MvRHLhx+osE2xoekY70AhARk3a6hkN+3Io1jc00jtquGvxYlKlsFUhmUET0V5te6CcZI7lcv2Ym61mjHA=="
  "resolved" "https://registry.npmmirror.com/axios/-/axios-0.19.2.tgz"
  "version" "0.19.2"
  dependencies:
    "follow-redirects" "1.5.10"

"body-scroll-lock@^4.0.0-beta.0":
  "integrity" "sha512-a7tP5+0Mw3YlUJcGAKUqIBkYYGlYxk2fnCasq/FUph1hadxlTRjF+gAcZksxANnaMnALjxEddmSi/H3OR8ugcQ=="
  "resolved" "https://registry.npmmirror.com/body-scroll-lock/-/body-scroll-lock-4.0.0-beta.0.tgz"
  "version" "4.0.0-beta.0"

"call-bind@^1.0.0", "call-bind@^1.0.2":
  "integrity" "sha512-7O+FbCihrB5WGbFYesctwmTKae6rOiIzmz1icreWJ+0aA7LJfuqhEso2T9ncpcFtzMQtzXf2QGGueWJGTYsqrA=="
  "resolved" "https://registry.npmmirror.com/call-bind/-/call-bind-1.0.2.tgz"
  "version" "1.0.2"
  dependencies:
    "function-bind" "^1.1.1"
    "get-intrinsic" "^1.0.2"

"charenc@0.0.2":
  "integrity" "sha512-yrLQ/yVUFXkzg7EDQsPieE/53+0RlaWTs+wBrvW36cyilJ2SaDWfl4Yj7MtLTXleV9uEKefbAGUPv2/iWSooRA=="
  "resolved" "https://registry.npmmirror.com/charenc/-/charenc-0.0.2.tgz"
  "version" "0.0.2"

"core-js@^1.0.0":
  "integrity" "sha512-ZiPp9pZlgxpWRu0M+YWbm6+aQ84XEfH1JRXvfOc/fILWI0VKhLC2LX13X1NYq4fULzLMq7Hfh43CSo2/aIaUPA=="
  "resolved" "https://registry.npmjs.org/core-js/-/core-js-1.2.7.tgz"
  "version" "1.2.7"

"create-react-class@^15.6.0":
  "integrity" "sha512-QZv4sFWG9S5RUvkTYWbflxeZX+JG7Cz0Tn33rQBJ+WFQTqTfUTjMjiv9tnfXazjsO5r0KhPs+AqCjyrQX6h2ng=="
  "resolved" "https://registry.npmjs.org/create-react-class/-/create-react-class-15.7.0.tgz"
  "version" "15.7.0"
  dependencies:
    "loose-envify" "^1.3.1"
    "object-assign" "^4.1.1"

"crypt@0.0.2":
  "integrity" "sha512-mCxBlsHFYh9C+HVpiEacem8FEBnMXgU9gy4zmNC+SXAZNB/1idgp/aulFJ4FgCi7GPEVbfyng092GqL2k2rmow=="
  "resolved" "https://registry.npmmirror.com/crypt/-/crypt-0.0.2.tgz"
  "version" "0.0.2"

"csstype@^2.6.8":
  "integrity" "sha512-/WwNkdXfckNgw6S5R125rrW8ez139lBHWouiBvX8dfMFtcn6V81REDqnH7+CRpRipfYlyU1CmOnOxrmGcFOjeA=="
  "resolved" "https://registry.npmmirror.com/csstype/-/csstype-2.6.20.tgz"
  "version" "2.6.20"

"date-fns@2.16.1":
  "integrity" "sha512-sAJVKx/FqrLYHAQeN7VpJrPhagZc9R4ImZIWYRFZaaohR3KzmuK88touwsSwSVT8Qcbd4zoDsnGfX4GFB4imyQ=="
  "resolved" "https://registry.npmmirror.com/date-fns/-/date-fns-2.16.1.tgz"
  "version" "2.16.1"

"debug@=3.1.0":
  "integrity" "sha512-OX8XqP7/1a9cqkxYw2yXss15f26NKWBpDXQd0/uK/KPqdQhxbPa994hnzjcE2VqQpDslf55723cKPUOGSmMY3g=="
  "resolved" "https://registry.npmmirror.com/debug/-/debug-3.1.0.tgz"
  "version" "3.1.0"
  dependencies:
    "ms" "2.0.0"

"define-properties@^1.1.3", "define-properties@^1.1.4":
  "integrity" "sha512-uckOqKcfaVvtBdsVkdPv3XjveQJsNQqmhXgRi8uhvWWuPYZCNlzT8qAyblUgNoXdHdjMTzAqeGjAoli8f+bzPA=="
  "resolved" "https://registry.npmmirror.com/define-properties/-/define-properties-1.1.4.tgz"
  "version" "1.1.4"
  dependencies:
    "has-property-descriptors" "^1.0.0"
    "object-keys" "^1.1.1"

"encoding@^0.1.11":
  "integrity" "sha512-ETBauow1T35Y/WZMkio9jiM0Z5xjHHmJ4XmjZOq1l/dXz3lr2sRn87nJy20RupqSh1F2m3HHPSp8ShIPQJrJ3A=="
  "resolved" "https://registry.npmjs.org/encoding/-/encoding-0.1.13.tgz"
  "version" "0.1.13"
  dependencies:
    "iconv-lite" "^0.6.2"

"es-abstract@^1.19.0", "es-abstract@^1.19.5":
  "integrity" "sha512-WEm2oBhfoI2sImeM4OF2zE2V3BYdSF+KnSi9Sidz51fQHd7+JuF8Xgcj9/0o+OWeIeIS/MiuNnlruQrJf16GQA=="
  "resolved" "https://registry.npmmirror.com/es-abstract/-/es-abstract-1.20.1.tgz"
  "version" "1.20.1"
  dependencies:
    "call-bind" "^1.0.2"
    "es-to-primitive" "^1.2.1"
    "function-bind" "^1.1.1"
    "function.prototype.name" "^1.1.5"
    "get-intrinsic" "^1.1.1"
    "get-symbol-description" "^1.0.0"
    "has" "^1.0.3"
    "has-property-descriptors" "^1.0.0"
    "has-symbols" "^1.0.3"
    "internal-slot" "^1.0.3"
    "is-callable" "^1.2.4"
    "is-negative-zero" "^2.0.2"
    "is-regex" "^1.1.4"
    "is-shared-array-buffer" "^1.0.2"
    "is-string" "^1.0.7"
    "is-weakref" "^1.0.2"
    "object-inspect" "^1.12.0"
    "object-keys" "^1.1.1"
    "object.assign" "^4.1.2"
    "regexp.prototype.flags" "^1.4.3"
    "string.prototype.trimend" "^1.0.5"
    "string.prototype.trimstart" "^1.0.5"
    "unbox-primitive" "^1.0.2"

"es-to-primitive@^1.2.1":
  "integrity" "sha512-QCOllgZJtaUo9miYBcLChTUaHNjJF3PYs1VidD7AwiEj1kYxKeQTctLAezAOH5ZKRH0g2IgPn6KwB4IT8iRpvA=="
  "resolved" "https://registry.npmmirror.com/es-to-primitive/-/es-to-primitive-1.2.1.tgz"
  "version" "1.2.1"
  dependencies:
    "is-callable" "^1.1.4"
    "is-date-object" "^1.0.1"
    "is-symbol" "^1.0.2"

"es6-promise@4.1.1":
  "integrity" "sha512-OaU1hHjgJf+b0NzsxCg7NdIYERD6Hy/PEmFLTjw+b65scuisG3Kt4QoTvJ66BBkPZ581gr0kpoVzKnxniM8nng=="
  "resolved" "https://registry.npmmirror.com/es6-promise/-/es6-promise-4.1.1.tgz"
  "version" "4.1.1"

"esbuild-windows-64@0.14.54":
  "integrity" "sha512-AoHTRBUuYwXtZhjXZbA1pGfTo8cJo3vZIcWGLiUcTNgHpJJMC1rVA44ZereBHMJtotyN71S8Qw0npiCIkW96cQ=="
  "resolved" "https://registry.npmmirror.com/esbuild-windows-64/-/esbuild-windows-64-0.14.54.tgz"
  "version" "0.14.54"

"esbuild@^0.14.47":
  "integrity" "sha512-Cy9llcy8DvET5uznocPyqL3BFRrFXSVqbgpMJ9Wz8oVjZlh/zUSNbPRbov0VX7VxN2JH1Oa0uNxZ7eLRb62pJA=="
  "resolved" "https://registry.npmmirror.com/esbuild/-/esbuild-0.14.54.tgz"
  "version" "0.14.54"
  optionalDependencies:
    "@esbuild/linux-loong64" "0.14.54"
    "esbuild-android-64" "0.14.54"
    "esbuild-android-arm64" "0.14.54"
    "esbuild-darwin-64" "0.14.54"
    "esbuild-darwin-arm64" "0.14.54"
    "esbuild-freebsd-64" "0.14.54"
    "esbuild-freebsd-arm64" "0.14.54"
    "esbuild-linux-32" "0.14.54"
    "esbuild-linux-64" "0.14.54"
    "esbuild-linux-arm" "0.14.54"
    "esbuild-linux-arm64" "0.14.54"
    "esbuild-linux-mips64le" "0.14.54"
    "esbuild-linux-ppc64le" "0.14.54"
    "esbuild-linux-riscv64" "0.14.54"
    "esbuild-linux-s390x" "0.14.54"
    "esbuild-netbsd-64" "0.14.54"
    "esbuild-openbsd-64" "0.14.54"
    "esbuild-sunos-64" "0.14.54"
    "esbuild-windows-32" "0.14.54"
    "esbuild-windows-64" "0.14.54"
    "esbuild-windows-arm64" "0.14.54"

"estree-walker@^2.0.2":
  "integrity" "sha512-Rfkk/Mp/DL7JVje3u18FxFujQlTNR2q6QfMSMB7AvCBx91NGj/ba3kCfza0f6dVDbw7YlRf/nDrn7pQrCCyQ/w=="
  "resolved" "https://registry.npmmirror.com/estree-walker/-/estree-walker-2.0.2.tgz"
  "version" "2.0.2"

"fbjs@^0.8.9":
  "integrity" "sha512-EQaWFK+fEPSoibjNy8IxUtaFOMXcWsY0JaVrQoZR9zC8N2Ygf9iDITPWjUTVIax95b6I742JFLqASHfsag/vKA=="
  "resolved" "https://registry.npmjs.org/fbjs/-/fbjs-0.8.18.tgz"
  "version" "0.8.18"
  dependencies:
    "core-js" "^1.0.0"
    "isomorphic-fetch" "^2.1.1"
    "loose-envify" "^1.0.0"
    "object-assign" "^4.1.0"
    "promise" "^7.1.1"
    "setimmediate" "^1.0.5"
    "ua-parser-js" "^0.7.30"

"follow-redirects@1.5.10":
  "integrity" "sha512-0V5l4Cizzvqt5D44aTXbFZz+FtyXV1vrDN6qrelxtfYQKW0KO0W2T/hkE8xvGa/540LkZlkaUjO4ailYTFtHVQ=="
  "resolved" "https://registry.npmmirror.com/follow-redirects/-/follow-redirects-1.5.10.tgz"
  "version" "1.5.10"
  dependencies:
    "debug" "=3.1.0"

"for-each@^0.3.2":
  "integrity" "sha512-jqYfLp7mo9vIyQf8ykW2v7A+2N4QjeCeI5+Dz9XraiO1ign81wjiH7Fb9vSOWvQfNtmSa4H2RoQTrrXivdUZmw=="
  "resolved" "https://registry.npmmirror.com/for-each/-/for-each-0.3.3.tgz"
  "version" "0.3.3"
  dependencies:
    "is-callable" "^1.1.3"

"function-bind@^1.1.1":
  "integrity" "sha512-yIovAzMX49sF8Yl58fSCWJ5svSLuaibPxXQJFLmBObTuCr0Mf1KiPopGM9NiFjiYBCbfaa2Fh6breQ6ANVTI0A=="
  "resolved" "https://registry.npmmirror.com/function-bind/-/function-bind-1.1.1.tgz"
  "version" "1.1.1"

"function.prototype.name@^1.1.5":
  "integrity" "sha512-uN7m/BzVKQnCUF/iW8jYea67v++2u7m5UgENbHRtdDVclOUP+FMPlCNdmk0h/ysGyo2tavMJEDqJAkJdRa1vMA=="
  "resolved" "https://registry.npmmirror.com/function.prototype.name/-/function.prototype.name-1.1.5.tgz"
  "version" "1.1.5"
  dependencies:
    "call-bind" "^1.0.2"
    "define-properties" "^1.1.3"
    "es-abstract" "^1.19.0"
    "functions-have-names" "^1.2.2"

"functions-have-names@^1.2.2":
  "integrity" "sha512-xckBUXyTIqT97tq2x2AMb+g163b5JFysYk0x4qxNFwbfQkmNZoiRHb6sPzI9/QV33WeuvVYBUIiD4NzNIyqaRQ=="
  "resolved" "https://registry.npmmirror.com/functions-have-names/-/functions-have-names-1.2.3.tgz"
  "version" "1.2.3"

"get-intrinsic@^1.0.2", "get-intrinsic@^1.1.0", "get-intrinsic@^1.1.1":
  "integrity" "sha512-Jfm3OyCxHh9DJyc28qGk+JmfkpO41A4XkneDSujN9MDXrm4oDKdHvndhZ2dN94+ERNfkYJWDclW6k2L/ZGHjXA=="
  "resolved" "https://registry.npmmirror.com/get-intrinsic/-/get-intrinsic-1.1.2.tgz"
  "version" "1.1.2"
  dependencies:
    "function-bind" "^1.1.1"
    "has" "^1.0.3"
    "has-symbols" "^1.0.3"

"get-symbol-description@^1.0.0":
  "integrity" "sha512-2EmdH1YvIQiZpltCNgkuiUnyukzxM/R6NDJX31Ke3BG1Nq5b0S2PhX59UKi9vZpPDQVdqn+1IcaAwnzTT5vCjw=="
  "resolved" "https://registry.npmmirror.com/get-symbol-description/-/get-symbol-description-1.0.0.tgz"
  "version" "1.0.0"
  dependencies:
    "call-bind" "^1.0.2"
    "get-intrinsic" "^1.1.1"

"gitalk@^1.8.0":
  "integrity" "sha512-/bWlUAeb0gXuo1SzBeduS07T4PEyL5WoRgxewUIg3liVUof5hUgW/hhx3ns2PJuiFkOxnsSuk1FPzwf6YESJaA=="
  "resolved" "https://registry.npmmirror.com/gitalk/-/gitalk-1.8.0.tgz"
  "version" "1.8.0"
  dependencies:
    "autosize" "3.0.21"
    "axios" "0.19.2"
    "date-fns" "2.16.1"
    "es6-promise" "4.1.1"
    "github-markdown-css" "2.8.0"
    "node-polyglot" "2.2.2"
    "preact" "8.1.0"
    "preact-compat" "3.16.0"
    "react-flip-move" "2.9.14"

"github-markdown-css@2.8.0":
  "integrity" "sha512-4EqUN/DyAfV5RoTF3gDzuTFiCc7NraexNnIB9TxWE8/abaW/rZKv0NCCEpLqwBlAjFpKKDr7qBlOZos02wqazQ=="
  "resolved" "https://registry.npmmirror.com/github-markdown-css/-/github-markdown-css-2.8.0.tgz"
  "version" "2.8.0"

"has-bigints@^1.0.1", "has-bigints@^1.0.2":
  "integrity" "sha512-tSvCKtBr9lkF0Ex0aQiP9N+OpV4zi2r/Nee5VkRDbaqv35RLYMzbwQfFSZZH0kR+Rd6302UJZ2p/bJCEoR3VoQ=="
  "resolved" "https://registry.npmmirror.com/has-bigints/-/has-bigints-1.0.2.tgz"
  "version" "1.0.2"

"has-property-descriptors@^1.0.0":
  "integrity" "sha512-62DVLZGoiEBDHQyqG4w9xCuZ7eJEwNmJRWw2VY84Oedb7WFcA27fiEVe8oUQx9hAUJ4ekurquucTGwsyO1XGdQ=="
  "resolved" "https://registry.npmmirror.com/has-property-descriptors/-/has-property-descriptors-1.0.0.tgz"
  "version" "1.0.0"
  dependencies:
    "get-intrinsic" "^1.1.1"

"has-symbols@^1.0.2", "has-symbols@^1.0.3":
  "integrity" "sha512-l3LCuF6MgDNwTDKkdYGEihYjt5pRPbEg46rtlmnSPlUbgmB8LOIrKJbYYFBSbnPaJexMKtiPO8hmeRjRz2Td+A=="
  "resolved" "https://registry.npmmirror.com/has-symbols/-/has-symbols-1.0.3.tgz"
  "version" "1.0.3"

"has-tostringtag@^1.0.0":
  "integrity" "sha512-kFjcSNhnlGV1kyoGk7OXKSawH5JOb/LzUc5w9B02hOTO0dfFRjbHQKvg1d6cf3HbeUmtU9VbbV3qzZ2Teh97WQ=="
  "resolved" "https://registry.npmmirror.com/has-tostringtag/-/has-tostringtag-1.0.0.tgz"
  "version" "1.0.0"
  dependencies:
    "has-symbols" "^1.0.2"

"has@^1.0.1", "has@^1.0.3":
  "integrity" "sha512-f2dvO0VU6Oej7RkWJGrehjbzMAjFp5/VKPp5tTpWIV4JHHZK1/BxbFRtf/siA2SWTe09caDmVtYYzWEIbBS4zw=="
  "resolved" "https://registry.npmmirror.com/has/-/has-1.0.3.tgz"
  "version" "1.0.3"
  dependencies:
    "function-bind" "^1.1.1"

"iconv-lite@^0.6.2":
  "integrity" "sha512-4fCk79wshMdzMp2rH06qWrJE4iolqLhCUH+OiuIgU++RB0+94NlDL81atO7GX55uUKueo0txHNtvEyI6D7WdMw=="
  "resolved" "https://registry.npmjs.org/iconv-lite/-/iconv-lite-0.6.3.tgz"
  "version" "0.6.3"
  dependencies:
    "safer-buffer" ">= 2.1.2 < 3.0.0"

"immutability-helper@^2.1.2":
  "integrity" "sha512-r/RmRG8xO06s/k+PIaif2r5rGc3j4Yhc01jSBfwPCXDLYZwp/yxralI37Df1mwmuzcCsen/E/ITKcTEvc1PQmQ=="
  "resolved" "https://registry.npmmirror.com/immutability-helper/-/immutability-helper-2.9.1.tgz"
  "version" "2.9.1"
  dependencies:
    "invariant" "^2.2.0"

"internal-slot@^1.0.3":
  "integrity" "sha512-O0DB1JC/sPyZl7cIo78n5dR7eUSwwpYPiXRhTzNxZVAMUuB8vlnRFyLxdrVToks6XPLVnFfbzaVd5WLjhgg+vA=="
  "resolved" "https://registry.npmmirror.com/internal-slot/-/internal-slot-1.0.3.tgz"
  "version" "1.0.3"
  dependencies:
    "get-intrinsic" "^1.1.0"
    "has" "^1.0.3"
    "side-channel" "^1.0.4"

"invariant@^2.2.0":
  "integrity" "sha512-phJfQVBuaJM5raOpJjSfkiD6BpbCE4Ns//LaXl6wGYtUBY83nWS6Rf9tXm2e8VaK60JEjYldbPif/A2B1C2gNA=="
  "resolved" "https://registry.npmmirror.com/invariant/-/invariant-2.2.4.tgz"
  "version" "2.2.4"
  dependencies:
    "loose-envify" "^1.0.0"

"is-bigint@^1.0.1":
  "integrity" "sha512-zB9CruMamjym81i2JZ3UMn54PKGsQzsJeo6xvN3HJJ4CAsQNB6iRutp2To77OfCNuoxspsIhzaPoO1zyCEhFOg=="
  "resolved" "https://registry.npmmirror.com/is-bigint/-/is-bigint-1.0.4.tgz"
  "version" "1.0.4"
  dependencies:
    "has-bigints" "^1.0.1"

"is-boolean-object@^1.1.0":
  "integrity" "sha512-gDYaKHJmnj4aWxyj6YHyXVpdQawtVLHU5cb+eztPGczf6cjuTdwve5ZIEfgXqH4e57An1D1AKf8CZ3kYrQRqYA=="
  "resolved" "https://registry.npmmirror.com/is-boolean-object/-/is-boolean-object-1.1.2.tgz"
  "version" "1.1.2"
  dependencies:
    "call-bind" "^1.0.2"
    "has-tostringtag" "^1.0.0"

"is-buffer@~1.1.6":
  "integrity" "sha512-NcdALwpXkTm5Zvvbk7owOUSvVvBKDgKP5/ewfXEznmQFfs4ZRmanOeKBTjRVjka3QFoN6XJ+9F3USqfHqTaU5w=="
  "resolved" "https://registry.npmmirror.com/is-buffer/-/is-buffer-1.1.6.tgz"
  "version" "1.1.6"

"is-callable@^1.1.3", "is-callable@^1.1.4", "is-callable@^1.2.4":
  "integrity" "sha512-nsuwtxZfMX67Oryl9LCQ+upnC0Z0BgpwntpS89m1H/TLF0zNfzfLMV/9Wa/6MZsj0acpEjAO0KF1xT6ZdLl95w=="
  "resolved" "https://registry.npmmirror.com/is-callable/-/is-callable-1.2.4.tgz"
  "version" "1.2.4"

"is-core-module@^2.9.0":
  "integrity" "sha512-Erxj2n/LDAZ7H8WNJXd9tw38GYM3dv8rk8Zcs+jJuxYTW7sozH+SS8NtrSjVL1/vpLvWi1hxy96IzjJ3EHTJJg=="
  "resolved" "https://registry.npmmirror.com/is-core-module/-/is-core-module-2.10.0.tgz"
  "version" "2.10.0"
  dependencies:
    "has" "^1.0.3"

"is-date-object@^1.0.1":
  "integrity" "sha512-9YQaSxsAiSwcvS33MBk3wTCVnWK+HhF8VZR2jRxehM16QcVOdHqPn4VPHmRK4lSr38n9JriurInLcP90xsYNfQ=="
  "resolved" "https://registry.npmmirror.com/is-date-object/-/is-date-object-1.0.5.tgz"
  "version" "1.0.5"
  dependencies:
    "has-tostringtag" "^1.0.0"

"is-negative-zero@^2.0.2":
  "integrity" "sha512-dqJvarLawXsFbNDeJW7zAz8ItJ9cd28YufuuFzh0G8pNHjJMnY08Dv7sYX2uF5UpQOwieAeOExEYAWWfu7ZZUA=="
  "resolved" "https://registry.npmmirror.com/is-negative-zero/-/is-negative-zero-2.0.2.tgz"
  "version" "2.0.2"

"is-number-object@^1.0.4":
  "integrity" "sha512-k1U0IRzLMo7ZlYIfzRu23Oh6MiIFasgpb9X76eqfFZAqwH44UI4KTBvBYIZ1dSL9ZzChTB9ShHfLkR4pdW5krQ=="
  "resolved" "https://registry.npmmirror.com/is-number-object/-/is-number-object-1.0.7.tgz"
  "version" "1.0.7"
  dependencies:
    "has-tostringtag" "^1.0.0"

"is-regex@^1.1.4":
  "integrity" "sha512-kvRdxDsxZjhzUX07ZnLydzS1TU/TJlTUHHY4YLL87e37oUA49DfkLqgy+VjFocowy29cKvcSiu+kIv728jTTVg=="
  "resolved" "https://registry.npmmirror.com/is-regex/-/is-regex-1.1.4.tgz"
  "version" "1.1.4"
  dependencies:
    "call-bind" "^1.0.2"
    "has-tostringtag" "^1.0.0"

"is-shared-array-buffer@^1.0.2":
  "integrity" "sha512-sqN2UDu1/0y6uvXyStCOzyhAjCSlHceFoMKJW8W9EU9cvic/QdsZ0kEU93HEy3IUEFZIiH/3w+AH/UQbPHNdhA=="
  "resolved" "https://registry.npmmirror.com/is-shared-array-buffer/-/is-shared-array-buffer-1.0.2.tgz"
  "version" "1.0.2"
  dependencies:
    "call-bind" "^1.0.2"

"is-stream@^1.0.1":
  "integrity" "sha512-uQPm8kcs47jx38atAcWTVxyltQYoPT68y9aWYdV6yWXSyW8mzSat0TL6CiWdZeCdF3KrAvpVtnHbTv4RN+rqdQ=="
  "resolved" "https://registry.npmjs.org/is-stream/-/is-stream-1.1.0.tgz"
  "version" "1.1.0"

"is-string@^1.0.5", "is-string@^1.0.7":
  "integrity" "sha512-tE2UXzivje6ofPW7l23cjDOMa09gb7xlAqG6jG5ej6uPV32TlWP3NKPigtaGeHNu9fohccRYvIiZMfOOnOYUtg=="
  "resolved" "https://registry.npmmirror.com/is-string/-/is-string-1.0.7.tgz"
  "version" "1.0.7"
  dependencies:
    "has-tostringtag" "^1.0.0"

"is-symbol@^1.0.2", "is-symbol@^1.0.3":
  "integrity" "sha512-C/CPBqKWnvdcxqIARxyOh4v1UUEOCHpgDa0WYgpKDFMszcrPcffg5uhwSgPCLD2WWxmq6isisz87tzT01tuGhg=="
  "resolved" "https://registry.npmmirror.com/is-symbol/-/is-symbol-1.0.4.tgz"
  "version" "1.0.4"
  dependencies:
    "has-symbols" "^1.0.2"

"is-weakref@^1.0.2":
  "integrity" "sha512-qctsuLZmIQ0+vSSMfoVvyFe2+GSEvnmZ2ezTup1SBse9+twCCeial6EEi3Nc2KFcf6+qz2FBPnjXsk8xhKSaPQ=="
  "resolved" "https://registry.npmmirror.com/is-weakref/-/is-weakref-1.0.2.tgz"
  "version" "1.0.2"
  dependencies:
    "call-bind" "^1.0.2"

"isomorphic-fetch@^2.1.1":
  "integrity" "sha512-9c4TNAKYXM5PRyVcwUZrF3W09nQ+sO7+jydgs4ZGW9dhsLG2VOlISJABombdQqQRXCwuYG3sYV/puGf5rp0qmA=="
  "resolved" "https://registry.npmjs.org/isomorphic-fetch/-/isomorphic-fetch-2.2.1.tgz"
  "version" "2.2.1"
  dependencies:
    "node-fetch" "^1.0.1"
    "whatwg-fetch" ">=0.10.0"

"js-tokens@^3.0.0 || ^4.0.0":
  "integrity" "sha512-RdJUflcE3cUzKiMqQgsCu06FPu9UdIJO0beYbPhHN4k6apgJtifcoCtT9bcxOpYBtpD2kCM6Sbzg4CausW/PKQ=="
  "resolved" "https://registry.npmmirror.com/js-tokens/-/js-tokens-4.0.0.tgz"
  "version" "4.0.0"

"jsonc-parser@^3.0.0":
  "integrity" "sha512-DRf0QjnNeCUds3xTjKlQQ3DpJD51GvDjJfnxUVWg6PZTo2otSm+slzNAxU/35hF8/oJIKoG9slq30JYOsF2azg=="
  "resolved" "https://registry.npmmirror.com/jsonc-parser/-/jsonc-parser-3.1.0.tgz"
  "version" "3.1.0"

"loose-envify@^1.0.0", "loose-envify@^1.1.0", "loose-envify@^1.3.1", "loose-envify@^1.4.0":
  "integrity" "sha512-lyuxPGr/Wfhrlem2CL/UcnUc1zcqKAImBDzukY7Y5F/yQiNdko6+fRLevlw1HgMySw7f611UIY408EtxRSoK3Q=="
  "resolved" "https://registry.npmmirror.com/loose-envify/-/loose-envify-1.4.0.tgz"
  "version" "1.4.0"
  dependencies:
    "js-tokens" "^3.0.0 || ^4.0.0"

"magic-string@^0.25.7":
  "integrity" "sha512-RmF0AsMzgt25qzqqLc1+MbHmhdx0ojF2Fvs4XnOqz2ZOBXzzkEwc/dJQZCYHAn7v1jbVOjAZfK8msRn4BxO4VQ=="
  "resolved" "https://registry.npmmirror.com/magic-string/-/magic-string-0.25.9.tgz"
  "version" "0.25.9"
  dependencies:
    "sourcemap-codec" "^1.4.8"

"md5@^2.3.0":
  "integrity" "sha512-T1GITYmFaKuO91vxyoQMFETst+O71VUPEU3ze5GNzDm0OWdP8v1ziTaAEPUr/3kLsY3Sftgz242A1SetQiDL7g=="
  "resolved" "https://registry.npmmirror.com/md5/-/md5-2.3.0.tgz"
  "version" "2.3.0"
  dependencies:
    "charenc" "0.0.2"
    "crypt" "0.0.2"
    "is-buffer" "~1.1.6"

"ms@2.0.0":
  "integrity" "sha512-Tpp60P6IUJDTuOq/5Z8cdskzJujfwqfOTkrwIwj7IRISpnkJnT6SyJ4PCPnGMoFjC9ddhal5KVIYtAt97ix05A=="
  "resolved" "https://registry.npmmirror.com/ms/-/ms-2.0.0.tgz"
  "version" "2.0.0"

"nanoid@^3.3.4":
  "integrity" "sha512-MqBkQh/OHTS2egovRtLk45wEyNXwF+cokD+1YPf9u5VfJiRdAiRwB2froX5Co9Rh20xs4siNPm8naNotSD6RBw=="
  "resolved" "https://registry.npmmirror.com/nanoid/-/nanoid-3.3.4.tgz"
  "version" "3.3.4"

"node-fetch@^1.0.1":
  "integrity" "sha512-NhZ4CsKx7cYm2vSrBAr2PvFOe6sWDf0UYLRqA6svUYg7+/TSfVAu49jYC4BvQ4Sms9SZgdqGBgroqfDhJdTyKQ=="
  "resolved" "https://registry.npmjs.org/node-fetch/-/node-fetch-1.7.3.tgz"
  "version" "1.7.3"
  dependencies:
    "encoding" "^0.1.11"
    "is-stream" "^1.0.1"

"node-polyglot@2.2.2":
  "integrity" "sha512-SSQ9CjS0m19ipJltqAzPbBvl51X1Wi7seafr42Hu8wQpQCQsH1coz1R7iHO7ZaDaAf4qwpty4qyx6Tq4K86N1g=="
  "resolved" "https://registry.npmmirror.com/node-polyglot/-/node-polyglot-2.2.2.tgz"
  "version" "2.2.2"
  dependencies:
    "for-each" "^0.3.2"
    "has" "^1.0.1"
    "string.prototype.trim" "^1.1.2"
    "warning" "^3.0.0"

"object-assign@^4.1.0", "object-assign@^4.1.1":
  "integrity" "sha512-rJgTQnkUnH1sFw8yT6VSU3zD3sWmu6sZhIseY8VX+GRu3P6F7Fu+JNDoXfklElbLJSnc3FUQHVe4cU5hj+BcUg=="
  "resolved" "https://registry.npmmirror.com/object-assign/-/object-assign-4.1.1.tgz"
  "version" "4.1.1"

"object-inspect@^1.12.0", "object-inspect@^1.9.0":
  "integrity" "sha512-z+cPxW0QGUp0mcqcsgQyLVRDoXFQbXOwBaqyF7VIgI4TWNQsDHrBpUQslRmIfAoYWdYzs6UlKJtB2XJpTaNSpQ=="
  "resolved" "https://registry.npmmirror.com/object-inspect/-/object-inspect-1.12.2.tgz"
  "version" "1.12.2"

"object-keys@^1.1.1":
  "integrity" "sha512-NuAESUOUMrlIXOfHKzD6bpPu3tYt3xvjNdRIQ+FeT0lNb4K8WR70CaDxhuNguS2XG+GjkyMwOzsN5ZktImfhLA=="
  "resolved" "https://registry.npmmirror.com/object-keys/-/object-keys-1.1.1.tgz"
  "version" "1.1.1"

"object.assign@^4.1.2":
  "integrity" "sha512-1mxKf0e58bvyjSCtKYY4sRe9itRk3PJpquJOjeIkz885CczcI4IvJJDLPS72oowuSh+pBxUFROpX+TU++hxhZQ=="
  "resolved" "https://registry.npmmirror.com/object.assign/-/object.assign-4.1.4.tgz"
  "version" "4.1.4"
  dependencies:
    "call-bind" "^1.0.2"
    "define-properties" "^1.1.4"
    "has-symbols" "^1.0.3"
    "object-keys" "^1.1.1"

"path-parse@^1.0.7":
  "integrity" "sha512-LDJzPVEEEPR+y48z93A0Ed0yXb8pAByGWo/k5YYdYgpY2/2EsOsksJrq7lOHxryrVOn1ejG6oAp8ahvOIQD8sw=="
  "resolved" "https://registry.npmmirror.com/path-parse/-/path-parse-1.0.7.tgz"
  "version" "1.0.7"

"picocolors@^1.0.0":
  "integrity" "sha512-1fygroTLlHu66zi26VoTDv8yRgm0Fccecssto+MhsZ0D/DGW2sm8E8AjW7NU5VVTRt5GxbeZ5qBuJr+HyLYkjQ=="
  "resolved" "https://registry.npmmirror.com/picocolors/-/picocolors-1.0.0.tgz"
  "version" "1.0.0"

"postcss@^8.1.10", "postcss@^8.4.16":
  "integrity" "sha512-ipHE1XBvKzm5xI7hiHCZJCSugxvsdq2mPnsq5+UF+VHCjiBvtDrlxJfMBToWaP9D5XlgNmcFGqoHmUn0EYEaRQ=="
  "resolved" "https://registry.npmmirror.com/postcss/-/postcss-8.4.16.tgz"
  "version" "8.4.16"
  dependencies:
    "nanoid" "^3.3.4"
    "picocolors" "^1.0.0"
    "source-map-js" "^1.0.2"

"preact-compat@3.16.0":
  "integrity" "sha512-m9BPZwhKL4bYEHglppBNGeBWdo8mVCsX8SzSzC+YHRUvtYDfcA3/wXb0T+bDZDiJ4hkTxriK/ybVBOMyJ48Ieg=="
  "resolved" "https://registry.npmmirror.com/preact-compat/-/preact-compat-3.16.0.tgz"
  "version" "3.16.0"
  dependencies:
    "immutability-helper" "^2.1.2"
    "preact-render-to-string" "^3.6.0"
    "preact-transition-group" "^1.1.0"
    "prop-types" "^15.5.8"
    "standalone-react-addons-pure-render-mixin" "^0.1.1"

"preact-render-to-string@^3.6.0":
  "integrity" "sha512-przuZPajiurStGgxMoJP0EJeC4xj5CgHv+M7GfF3YxAdhGgEWAkhOSE0xympAFN20uMayntBZpttIZqqLl77fw=="
  "resolved" "https://registry.npmmirror.com/preact-render-to-string/-/preact-render-to-string-3.8.2.tgz"
  "version" "3.8.2"
  dependencies:
    "pretty-format" "^3.5.1"

"preact-transition-group@^1.1.0":
  "integrity" "sha512-v89XLodCvylf5lMrhI+LqIhDsAjWfiDKV4keAU+L5yDtxmqn8uvjZXn+haKMEG0x0PZz81own19SuNJD5NlOFQ=="
  "resolved" "https://registry.npmmirror.com/preact-transition-group/-/preact-transition-group-1.1.1.tgz"
  "version" "1.1.1"

"preact@*", "preact@>=5", "preact@8.1.0":
  "integrity" "sha512-JrRktQ5XOM5TXAc47FED+KKamm9yopsrLSj0x6e8++gZanXag4G84Zyz713LoywGDfXCi9acT5y/Hs3NhP+SdQ=="
  "resolved" "https://registry.npmmirror.com/preact/-/preact-8.1.0.tgz"
  "version" "8.1.0"

"preact@^10.0.0":
  "integrity" "sha512-w0mCL5vICUAZrh1DuHEdOWBjxdO62lvcO++jbzr8UhhYcTbFkpegLH9XX+7MadjTl/y0feoqwQ/zAnzkc/EGog=="
  "resolved" "https://registry.npmmirror.com/preact/-/preact-10.10.6.tgz"
  "version" "10.10.6"

"pretty-format@^3.5.1":
  "integrity" "sha512-WuxUnVtlWL1OfZFQFuqvnvs6MiAGk9UNsBostyBOB0Is9wb5uRESevA6rnl/rkksXaGX3GzZhPup5d6Vp1nFew=="
  "resolved" "https://registry.npmmirror.com/pretty-format/-/pretty-format-3.8.0.tgz"
  "version" "3.8.0"

"promise@^7.1.1":
  "integrity" "sha512-nolQXZ/4L+bP/UGlkfaIujX9BKxGwmQ9OT4mOt5yvy8iK1h3wqTEJCijzGANTCCl9nWjY41juyAn2K3Q1hLLTg=="
  "resolved" "https://registry.npmjs.org/promise/-/promise-7.3.1.tgz"
  "version" "7.3.1"
  dependencies:
    "asap" "~2.0.3"

"prop-types@^15.5.10", "prop-types@^15.5.8":
  "integrity" "sha512-oj87CgZICdulUohogVAR7AjlC0327U4el4L6eAvOqCeudMDVU0NThNaV+b9Df4dXgSP1gXMTnPdhfe/2qDH5cg=="
  "resolved" "https://registry.npmmirror.com/prop-types/-/prop-types-15.8.1.tgz"
  "version" "15.8.1"
  dependencies:
    "loose-envify" "^1.4.0"
    "object-assign" "^4.1.1"
    "react-is" "^16.13.1"

"react-dom@>= 16.8.0 < 19.0.0":
  "integrity" "sha512-6IMTriUmvsjHUjNtEDudZfuDQUoWXVxKHhlEGSk81n4YFS+r/Kl99wXiwlVXtPBtJenozv2P+hxDsw9eA7Xo6g=="
  "resolved" "https://registry.npmjs.org/react-dom/-/react-dom-18.2.0.tgz"
  "version" "18.2.0"
  dependencies:
    "loose-envify" "^1.1.0"
    "scheduler" "^0.23.0"

"react-dom@0.13.x || 0.14.x || 15.x.x":
  "integrity" "sha512-mpjXqC2t1FuYsILOLCj0kg6pbg460byZkVA/80VtDmKU/pYmoTdHOtaMcTRIDiyXLz4sIur0cQ04nOC6iGndJg=="
  "resolved" "https://registry.npmjs.org/react-dom/-/react-dom-15.7.0.tgz"
  "version" "15.7.0"
  dependencies:
    "fbjs" "^0.8.9"
    "loose-envify" "^1.1.0"
    "object-assign" "^4.1.0"
    "prop-types" "^15.5.10"

"react-flip-move@2.9.14":
  "integrity" "sha512-XD8R8KPLa9GG3NM83FuWPJSGB9Emr2if9NQlJseZkE0YKd4cGq9gr74ehc/Erxr1nPo/Ln5uXf3LAImGG21TeQ=="
  "resolved" "https://registry.npmjs.org/react-flip-move/-/react-flip-move-2.9.14.tgz"
  "version" "2.9.14"

"react-is@^16.13.1":
  "integrity" "sha512-24e6ynE2H+OKt4kqsOvNd8kBpV65zoxbA4BVsEOB3ARVWQki/DHzaUoC5KuON/BiccDaCCTZBuOcfZs70kR8bQ=="
  "resolved" "https://registry.npmmirror.com/react-is/-/react-is-16.13.1.tgz"
  "version" "16.13.1"

"react@^15.7.0", "react@0.13.x || 0.14.x || 15.x.x":
  "integrity" "sha512-5/MMRYmpmM0sMTHGLossnJCrmXQIiJilD6y3YN3TzAwGFj6zdnMtFv6xmi65PHKRV+pehIHpT7oy67Sr6s9AHA=="
  "resolved" "https://registry.npmjs.org/react/-/react-15.7.0.tgz"
  "version" "15.7.0"
  dependencies:
    "create-react-class" "^15.6.0"
    "fbjs" "^0.8.9"
    "loose-envify" "^1.1.0"
    "object-assign" "^4.1.0"
    "prop-types" "^15.5.10"

"react@^18.2.0", "react@>= 16.8.0 < 19.0.0":
  "integrity" "sha512-/3IjMdb2L9QbBdWiW5e3P2/npwMBaU9mHCSCUzNln0ZCYbcfTsGbTJrU/kGemdH2IWmB2ioZ+zkxtmq6g09fGQ=="
  "resolved" "https://registry.npmjs.org/react/-/react-18.2.0.tgz"
  "version" "18.2.0"
  dependencies:
    "loose-envify" "^1.1.0"

"regexp.prototype.flags@^1.4.3":
  "integrity" "sha512-fjggEOO3slI6Wvgjwflkc4NFRCTZAu5CnNfBd5qOMYhWdn67nJBBu34/TkD++eeFmd8C9r9jfXJ27+nSiRkSUA=="
  "resolved" "https://registry.npmmirror.com/regexp.prototype.flags/-/regexp.prototype.flags-1.4.3.tgz"
  "version" "1.4.3"
  dependencies:
    "call-bind" "^1.0.2"
    "define-properties" "^1.1.3"
    "functions-have-names" "^1.2.2"

"resolve@^1.22.1":
  "integrity" "sha512-nBpuuYuY5jFsli/JIs1oldw6fOQCBioohqWZg/2hiaOybXOft4lonv85uDOKXdf8rhyK159cxU5cDcK/NKk8zw=="
  "resolved" "https://registry.npmmirror.com/resolve/-/resolve-1.22.1.tgz"
  "version" "1.22.1"
  dependencies:
    "is-core-module" "^2.9.0"
    "path-parse" "^1.0.7"
    "supports-preserve-symlinks-flag" "^1.0.0"

"rollup@>=2.75.6 <2.77.0 || ~2.77.0":
  "integrity" "sha512-/qxNTG7FbmefJWoeeYJFbHehJ2HNWnjkAFRKzWN/45eNBBF/r8lo992CwcJXEzyVxs5FmfId+vTSTQDb+bxA+g=="
  "resolved" "https://registry.npmmirror.com/rollup/-/rollup-2.77.3.tgz"
  "version" "2.77.3"
  optionalDependencies:
    "fsevents" "~2.3.2"

"safer-buffer@>= 2.1.2 < 3.0.0":
  "integrity" "sha512-YZo3K82SD7Riyi0E1EQPojLz7kpepnSQI9IyPbHHg1XXXevb5dJI7tpyN2ADxGcQbHG7vcyRHk0cbwqcQriUtg=="
  "resolved" "https://registry.npmjs.org/safer-buffer/-/safer-buffer-2.1.2.tgz"
  "version" "2.1.2"

"scheduler@^0.23.0":
  "integrity" "sha512-CtuThmgHNg7zIZWAXi3AsyIzA3n4xx7aNyjwC2VJldO2LMVDhFK+63xGqq6CsJH4rTAt6/M+N4GhZiDYPx9eUw=="
  "resolved" "https://registry.npmjs.org/scheduler/-/scheduler-0.23.0.tgz"
  "version" "0.23.0"
  dependencies:
    "loose-envify" "^1.1.0"

"setimmediate@^1.0.5":
  "integrity" "sha512-MATJdZp8sLqDl/68LfQmbP8zKPLQNV6BIZoIgrscFDQ+RsvK/BxeDQOgyxKKoh0y/8h3BqVFnCqQ/gd+reiIXA=="
  "resolved" "https://registry.npmjs.org/setimmediate/-/setimmediate-1.0.5.tgz"
  "version" "1.0.5"

"shiki@^0.11.1":
  "integrity" "sha512-EugY9VASFuDqOexOgXR18ZV+TbFrQHeCpEYaXamO+SZlsnT/2LxuLBX25GGtIrwaEVFXUAbUQ601SWE2rMwWHA=="
  "resolved" "https://registry.npmmirror.com/shiki/-/shiki-0.11.1.tgz"
  "version" "0.11.1"
  dependencies:
    "jsonc-parser" "^3.0.0"
    "vscode-oniguruma" "^1.6.1"
    "vscode-textmate" "^6.0.0"

"side-channel@^1.0.4":
  "integrity" "sha512-q5XPytqFEIKHkGdiMIrY10mvLRvnQh42/+GoBlFW3b2LXLE2xxJpZFdm94we0BaoV3RwJyGqg5wS7epxTv0Zvw=="
  "resolved" "https://registry.npmmirror.com/side-channel/-/side-channel-1.0.4.tgz"
  "version" "1.0.4"
  dependencies:
    "call-bind" "^1.0.0"
    "get-intrinsic" "^1.0.2"
    "object-inspect" "^1.9.0"

"source-map-js@^1.0.2":
  "integrity" "sha512-R0XvVJ9WusLiqTCEiGCmICCMplcCkIwwR11mOSD9CR5u+IXYdiseeEuXCVAjS54zqwkLcPNnmU4OeJ6tUrWhDw=="
  "resolved" "https://registry.npmmirror.com/source-map-js/-/source-map-js-1.0.2.tgz"
  "version" "1.0.2"

"source-map@^0.6.1":
  "integrity" "sha512-UjgapumWlbMhkBgzT7Ykc5YXUT46F0iKu8SGXq0bcwP5dz/h0Plj6enJqjz1Zbq2l5WaqYnrVbwWOWMyF3F47g=="
  "resolved" "https://registry.npmmirror.com/source-map/-/source-map-0.6.1.tgz"
  "version" "0.6.1"

"sourcemap-codec@^1.4.8":
  "integrity" "sha512-9NykojV5Uih4lgo5So5dtw+f0JgJX30KCNI8gwhz2J9A15wD0Ml6tjHKwf6fTSa6fAdVBdZeNOs9eJ71qCk8vA=="
  "resolved" "https://registry.npmmirror.com/sourcemap-codec/-/sourcemap-codec-1.4.8.tgz"
  "version" "1.4.8"

"standalone-react-addons-pure-render-mixin@^0.1.1":
  "integrity" "sha512-HFkwqpJmvz4vxHyzdeUcjtsp8Am+NauLXdU2/YXT1/InPbszaRo1cLPAy/58H7oOPNNjteqHcv04JEw+d9C+Xw=="
  "resolved" "https://registry.npmmirror.com/standalone-react-addons-pure-render-mixin/-/standalone-react-addons-pure-render-mixin-0.1.1.tgz"
  "version" "0.1.1"

"string.prototype.trim@^1.1.2":
  "integrity" "sha512-8lMR2m+U0VJTPp6JjvJTtGyc4FIGq9CdRt7O9p6T0e6K4vjU+OP+SQJpbe/SBmRcCUIvNUnjsbmY6lnMp8MhsQ=="
  "resolved" "https://registry.npmmirror.com/string.prototype.trim/-/string.prototype.trim-1.2.6.tgz"
  "version" "1.2.6"
  dependencies:
    "call-bind" "^1.0.2"
    "define-properties" "^1.1.4"
    "es-abstract" "^1.19.5"

"string.prototype.trimend@^1.0.5":
  "integrity" "sha512-I7RGvmjV4pJ7O3kdf+LXFpVfdNOxtCW/2C8f6jNiW4+PQchwxkCDzlk1/7p+Wl4bqFIZeF47qAHXLuHHWKAxog=="
  "resolved" "https://registry.npmmirror.com/string.prototype.trimend/-/string.prototype.trimend-1.0.5.tgz"
  "version" "1.0.5"
  dependencies:
    "call-bind" "^1.0.2"
    "define-properties" "^1.1.4"
    "es-abstract" "^1.19.5"

"string.prototype.trimstart@^1.0.5":
  "integrity" "sha512-THx16TJCGlsN0o6dl2o6ncWUsdgnLRSA23rRE5pyGBw/mLr3Ej/R2LaqCtgP8VNMGZsvMWnf9ooZPyY2bHvUFg=="
  "resolved" "https://registry.npmmirror.com/string.prototype.trimstart/-/string.prototype.trimstart-1.0.5.tgz"
  "version" "1.0.5"
  dependencies:
    "call-bind" "^1.0.2"
    "define-properties" "^1.1.4"
    "es-abstract" "^1.19.5"

"supports-preserve-symlinks-flag@^1.0.0":
  "integrity" "sha512-ot0WnXS9fgdkgIcePe6RHNk1WA8+muPa6cSjeR3V8K27q9BB1rTE3R1p7Hv0z1ZyAc8s6Vvv8DIyWf681MAt0w=="
  "resolved" "https://registry.npmmirror.com/supports-preserve-symlinks-flag/-/supports-preserve-symlinks-flag-1.0.0.tgz"
  "version" "1.0.0"

"ua-parser-js@^0.7.30":
  "integrity" "sha512-qLK/Xe9E2uzmYI3qLeOmI0tEOt+TBBQyUIAh4aAgU05FVYzeZrKUdkAZfBNVGRaHVgV0TDkdEngJSw/SyQchkQ=="
  "resolved" "https://registry.npmjs.org/ua-parser-js/-/ua-parser-js-0.7.31.tgz"
  "version" "0.7.31"

"unbox-primitive@^1.0.2":
  "integrity" "sha512-61pPlCD9h51VoreyJ0BReideM3MDKMKnh6+V9L08331ipq6Q8OFXZYiqP6n/tbHx4s5I9uRhcye6BrbkizkBDw=="
  "resolved" "https://registry.npmmirror.com/unbox-primitive/-/unbox-primitive-1.0.2.tgz"
  "version" "1.0.2"
  dependencies:
    "call-bind" "^1.0.2"
    "has-bigints" "^1.0.2"
    "has-symbols" "^1.0.3"
    "which-boxed-primitive" "^1.0.2"

"vite-plugin-banner@^0.4.0":
  "integrity" "sha512-M78tCenhspTiNd3cGcXzG9Hw60Bcfh2w1tKHDy9GjVoiS5XtkAK2D7LjWumHiSX7vMnQ4DkMjcZ87Ola+qj0Hw=="
  "resolved" "https://registry.npmmirror.com/vite-plugin-banner/-/vite-plugin-banner-0.4.0.tgz"
  "version" "0.4.0"

"vite@^3.0.0", "vite@^3.0.8":
  "integrity" "sha512-waYABTM+G6DBTCpYAxvevpG50UOlZuynR0ckTK5PawNVt7ebX6X7wNXHaGIO6wYYFXSM7/WcuFuO2QzhBB6aMw=="
  "resolved" "https://registry.npmmirror.com/vite/-/vite-3.0.9.tgz"
  "version" "3.0.9"
  dependencies:
    "esbuild" "^0.14.47"
    "postcss" "^8.4.16"
    "resolve" "^1.22.1"
    "rollup" ">=2.75.6 <2.77.0 || ~2.77.0"
  optionalDependencies:
    "fsevents" "~2.3.2"

"vitepress@^1.0.0-alpha.12":
  "integrity" "sha512-++e7p9oxqk7RKz2fMNtrOAWmZSWVPozDuOG1owwntPRincC8/pIhPkJ9ojNHcHCHBylszJBsjkRqbseurZ7vCg=="
  "resolved" "https://registry.npmmirror.com/vitepress/-/vitepress-1.0.0-alpha.12.tgz"
  "version" "1.0.0-alpha.12"
  dependencies:
    "@docsearch/css" "^3.2.1"
    "@docsearch/js" "^3.2.1"
    "@vitejs/plugin-vue" "^3.0.3"
    "@vue/devtools-api" "^6.2.1"
    "@vueuse/core" "^9.1.0"
    "body-scroll-lock" "^4.0.0-beta.0"
    "shiki" "^0.11.1"
    "vite" "^3.0.8"
    "vue" "^3.2.37"

"vscode-oniguruma@^1.6.1":
  "integrity" "sha512-KH8+KKov5eS/9WhofZR8M8dMHWN2gTxjMsG4jd04YhpbPR91fUj7rYQ2/XjeHCJWbg7X++ApRIU9NUwM2vTvLA=="
  "resolved" "https://registry.npmmirror.com/vscode-oniguruma/-/vscode-oniguruma-1.6.2.tgz"
  "version" "1.6.2"

"vscode-textmate@^6.0.0":
  "integrity" "sha512-gu73tuZfJgu+mvCSy4UZwd2JXykjK9zAZsfmDeut5dx/1a7FeTk0XwJsSuqQn+cuMCGVbIBfl+s53X4T19DnzQ=="
  "resolved" "https://registry.npmmirror.com/vscode-textmate/-/vscode-textmate-6.0.0.tgz"
  "version" "6.0.0"

"vue-baidu-analytics@^2.2.0":
  "integrity" "sha512-15LH20JRABiusqas4mFkFLq+eJdQXoiyzSZOdSGfbsHKXEzAcUUEPRIc3Tj8g7yc20HdBlxt5yH46ftn2EIC9g=="
  "resolved" "https://registry.npmmirror.com/vue-baidu-analytics/-/vue-baidu-analytics-2.2.0.tgz"
  "version" "2.2.0"

"vue-demi@*":
  "integrity" "sha512-IR8HoEEGM65YY3ZJYAjMlKygDQn25D5ajNFNoKh9RSDMQtlzCxtfQjdQgv9jjK+m3377SsJXY8ysq8kLCZL25A=="
  "resolved" "https://registry.npmmirror.com/vue-demi/-/vue-demi-0.13.11.tgz"
  "version" "0.13.11"

"vue@^3.0.0-0 || ^2.6.0", "vue@^3.2.25", "vue@^3.2.37", "vue@3.2.37":
  "integrity" "sha512-bOKEZxrm8Eh+fveCqS1/NkG/n6aMidsI6hahas7pa0w/l7jkbssJVsRhVDs07IdDq7h9KHswZOgItnwJAgtVtQ=="
  "resolved" "https://registry.npmmirror.com/vue/-/vue-3.2.37.tgz"
  "version" "3.2.37"
  dependencies:
    "@vue/compiler-dom" "3.2.37"
    "@vue/compiler-sfc" "3.2.37"
    "@vue/runtime-dom" "3.2.37"
    "@vue/server-renderer" "3.2.37"
    "@vue/shared" "3.2.37"

"warning@^3.0.0":
  "integrity" "sha512-jMBt6pUrKn5I+OGgtQ4YZLdhIeJmObddh6CsibPxyQ5yPZm1XExSyzC1LCNX7BzhxWgiHmizBWJTHJIjMjTQYQ=="
  "resolved" "https://registry.npmmirror.com/warning/-/warning-3.0.0.tgz"
  "version" "3.0.0"
  dependencies:
    "loose-envify" "^1.0.0"

"whatwg-fetch@>=0.10.0":
  "integrity" "sha512-bJlen0FcuU/0EMLrdbJ7zOnW6ITZLrZMIarMUVmdKtsGvZna8vxKYaexICWPfZ8qwf9fzNq+UEIZrnSaApt6RA=="
  "resolved" "https://registry.npmjs.org/whatwg-fetch/-/whatwg-fetch-3.6.2.tgz"
  "version" "3.6.2"

"which-boxed-primitive@^1.0.2":
  "integrity" "sha512-bwZdv0AKLpplFY2KZRX6TvyuN7ojjr7lwkg6ml0roIy9YeuSr7JS372qlNW18UQYzgYK9ziGcerWqZOmEn9VNg=="
  "resolved" "https://registry.npmmirror.com/which-boxed-primitive/-/which-boxed-primitive-1.0.2.tgz"
  "version" "1.0.2"
  dependencies:
    "is-bigint" "^1.0.1"
    "is-boolean-object" "^1.1.0"
    "is-number-object" "^1.0.4"
    "is-string" "^1.0.5"
    "is-symbol" "^1.0.3"
